{
  "requires": true,
  "lockfileVersion": 1,
  "dependencies": {
    "@angular/cdk": {
      "version": "13.1.1",
      "resolved": "https://registry.npmjs.org/@angular/cdk/-/cdk-13.1.1.tgz",
      "integrity": "sha512-66PyWg+zKdxTe3b1pc1RduT8hsMs/hJ0aD0JX0pSEWVq7O0OJWJ5f0z+Mk03T9tAERA3NK1GifcKEDq5k7R2Zw==",
      "requires": {
        "parse5": "^5.0.0",
        "tslib": "^2.3.0"
      }
    },
    "@angular/core": {
      "version": "13.1.1",
      "resolved": "https://registry.npmjs.org/@angular/core/-/core-13.1.1.tgz",
      "integrity": "sha512-oLGKgzUbHqte/q7EokOJWUiXAtBjwuZM6c9Or2a7WDJNeImQilxk5qy91RPSbP8FhOBysebqAayrfiCYexlShg==",
      "requires": {
        "tslib": "^2.3.0"
      }
    },
    "@ngrx/effects": {
      "version": "13.0.2",
      "resolved": "https://registry.npmjs.org/@ngrx/effects/-/effects-13.0.2.tgz",
      "integrity": "sha512-7yW/KCxlRatDkdEriSnORlOYX8+1QAWEjPulNmHSPwehkzTQ3fIPfRBQy8xP8bnjwvGxnEZNwQlU4q1KVYOfhg==",
      "requires": {
        "tslib": "^2.0.0"
      }
    },
    "@ngrx/entity": {
      "version": "13.0.2",
      "resolved": "https://registry.npmjs.org/@ngrx/entity/-/entity-13.0.2.tgz",
      "integrity": "sha512-sAN/YDvDNy4fmCOWU8LfPp8YI8XJcvmO89XTRSoJjo3O9BIbCSEw2gYHe1V7gWHLY5Pr9wiMybKhd4RHtzFHgQ==",
      "requires": {
        "tslib": "^2.0.0"
      }
    },
    "@ngrx/store": {
      "version": "13.0.2",
      "resolved": "https://registry.npmjs.org/@ngrx/store/-/store-13.0.2.tgz",
      "integrity": "sha512-F7tsc3oCvKh+62MKiXTrvSeaxR41u4p8bch3BLjz12F37376rMuBnXf+V1thsPTZ6RB6aycAi821EQYVXFCXZg==",
      "requires": {
        "tslib": "^2.0.0"
      }
    },
    "@ngrx/store-devtools": {
      "version": "13.0.2",
      "resolved": "https://registry.npmjs.org/@ngrx/store-devtools/-/store-devtools-13.0.2.tgz",
      "integrity": "sha512-fcQ5A7cv9PONFvqlpFPXHswWjEflJvqrNt6wmywlxMtJDjkgzCHpvRiJqup/FiTosblRERoeZXN0oHW3Er3+rw==",
      "requires": {
        "tslib": "^2.0.0"
      }
    },
    "bootstrap": {
      "version": "5.1.3",
      "resolved": "https://registry.npmjs.org/bootstrap/-/bootstrap-5.1.3.tgz",
      "integrity": "sha512-fcQztozJ8jToQWXxVuEyXWW+dSo8AiXWKwiSSrKWsRB/Qt+Ewwza+JWoLKiTuQLaEPhdNAJ7+Dosc9DOIqNy7Q=="
    },
    "ngrx-data": {
      "version": "6.1.0-beta.3",
      "resolved": "https://registry.npmjs.org/ngrx-data/-/ngrx-data-6.1.0-beta.3.tgz",
      "integrity": "sha512-3drHNF7yce+DVw81/3kgeQHT1LMx2kMJEHGxQ2pUwc4sK6LUBJAzGP9YTKH3i3cYF8kH+noFCVgXH0S2ejjlWA==",
      "requires": {
        "tslib": "^1.9.0"
      },
      "dependencies": {
        "tslib": {
          "version": "1.14.1",
          "resolved": "https://registry.npmjs.org/tslib/-/tslib-1.14.1.tgz",
          "integrity": "sha512-Xni35NKzjgMrwevysHTCArtLDpPvye8zV/0E4EyYn43P7/7qvQwPh9BGkHewbMulVntbigmcT7rdX3BNo9wRJg=="
        }
      }
    },
    "parse5": {
      "version": "5.1.1",
      "resolved": "https://registry.npmjs.org/parse5/-/parse5-5.1.1.tgz",
      "integrity": "sha512-ugq4DFI0Ptb+WWjAdOK16+u/nHfiIrcE+sh8kZMaM0WllQKLI9rOUq6c2b7cwPkXdzfQESqvoqK6ug7U/Yyzug=="
    },
    "primeicons": {
      "version": "5.0.0",
      "resolved": "https://registry.npmjs.org/primeicons/-/primeicons-5.0.0.tgz",
      "integrity": "sha512-heygWF0X5HFI1otlZE62pp6ye7sZ8om78J9au2BRkg8O7Y8AHTZ9qKMRzchZUHLe8zUAvdi6hZzzm9XxgwIExw=="
    },
    "primeng": {
      "version": "13.0.3",
      "resolved": "https://registry.npmjs.org/primeng/-/primeng-13.0.3.tgz",
      "integrity": "sha512-1R6i1Lh0uPSSDZuuHNCRCTXNBqv7uagSE4y0XRH+KpXH6pSipvNfKSAS8pCD2Rf9u34u5Okb4KkH5wkmjP7QXQ==",
      "requires": {
        "tslib": "^2.3.0"
      }
    },
    "rxjs": {
      "version": "7.4.0",
      "resolved": "https://registry.npmjs.org/rxjs/-/rxjs-7.4.0.tgz",
      "integrity": "sha512-7SQDi7xeTMCJpqViXh8gL/lebcwlp3d831F05+9B44A4B0WfsEwUQHR64gsH1kvJ+Ep/J9K2+n1hVl1CsGN23w==",
      "requires": {
        "tslib": "~2.1.0"
      },
      "dependencies": {
        "tslib": {
          "version": "2.1.0",
          "resolved": "https://registry.npmjs.org/tslib/-/tslib-2.1.0.tgz",
          "integrity": "sha512-hcVC3wYEziELGGmEEXue7D75zbwIIVUMWAVbHItGPx0ziyXxrOMQx4rQEVEV45Ut/1IotuEvwqPopzIOkDMf0A=="
        }
      }
    },
    "tslib": {
      "version": "2.3.1",
      "resolved": "https://registry.npmjs.org/tslib/-/tslib-2.3.1.tgz",
      "integrity": "sha512-77EbyPPpMz+FRFRuAFlWMtmgUWGe9UOG2Z25NqCwiIjRhOf5iKGuzSe5P2w1laq+FkRy4p+PCuVkJSGkzTEKVw=="
    }
  }
}
